
Microsoft Visual Studio Solution File, Format Version 12.00
# Visual Studio 2013
VisualStudioVersion = 12.0.31101.0
MinimumVisualStudioVersion = 10.0.40219.1
Project("{FAE04EC0-301F-11D3-BF4B-00C04F79EFBC}") = "DEV204_HW2", "DEV204_HW2\DEV204_HW2.csproj", "{8567AC27-5344-4C2D-83C5-EB6E3E74A754}"
EndProject
Project("{FAE04EC0-301F-11D3-BF4B-00C04F79EFBC}") = "DEV204_HW1", "DEV204_HW1\DEV204_HW1.csproj", "{94BFCF7C-11AC-4DC6-AE8F-421C77936600}"
EndProject
Project("{FAE04EC0-301F-11D3-BF4B-00C04F79EFBC}") = "DEV204_HW3", "DEV204_HW3\DEV204_HW3.csproj", "{FB1E4F21-D3BF-4843-8DD9-83C0B31FF887}"
EndProject
Project("{FAE04EC0-301F-11D3-BF4B-00C04F79EFBC}") = "DEV204_HW4", "DEV204_HW4\DEV204_HW4.csproj", "{6DF5CB52-1354-4E5B-B167-D5B9553E332E}"
EndProject
Project("{FAE04EC0-301F-11D3-BF4B-00C04F79EFBC}") = "DEV204_HW5", "DEV204_HW5\DEV204_HW5.csproj", "{EA45CB01-2469-4BA9-B9ED-2E7B41966473}"
EndProject
Project("{FAE04EC0-301F-11D3-BF4B-00C04F79EFBC}") = "DEV204_HW6", "DEV204_HW6\DEV204_HW6.csproj", "{E14A7005-9C1D-42BE-BE02-970A190F6CEA}"
EndProject
Project("{FAE04EC0-301F-11D3-BF4B-00C04F79EFBC}") = "DEV204_HW7", "DEV204_HW7\DEV204_HW7.csproj", "{E8731C81-040D-4F90-919E-D3D23F5FBEE5}"
EndProject
Project("{FAE04EC0-301F-11D3-BF4B-00C04F79EFBC}") = "DEV204_HW8", "DEV204_HW8\DEV204_HW8.csproj", "{DFC32C4B-4BBC-4905-9AE8-D6267C072663}"
EndProject
Global
	GlobalSection(SolutionConfigurationPlatforms) = preSolution
		Debug|Any CPU = Debug|Any CPU
		Release|Any CPU = Release|Any CPU
	EndGlobalSection
	GlobalSection(ProjectConfigurationPlatforms) = postSolution
		{8567AC27-5344-4C2D-83C5-EB6E3E74A754}.Debug|Any CPU.ActiveCfg = Debug|Any CPU
		{8567AC27-5344-4C2D-83C5-EB6E3E74A754}.Debug|Any CPU.Build.0 = Debug|Any CPU
		{8567AC27-5344-4C2D-83C5-EB6E3E74A754}.Release|Any CPU.ActiveCfg = Release|Any CPU
		{8567AC27-5344-4C2D-83C5-EB6E3E74A754}.Release|Any CPU.Build.0 = Release|Any CPU
		{94BFCF7C-11AC-4DC6-AE8F-421C77936600}.Debug|Any CPU.ActiveCfg = Debug|Any CPU
		{94BFCF7C-11AC-4DC6-AE8F-421C77936600}.Debug|Any CPU.Build.0 = Debug|Any CPU
		{94BFCF7C-11AC-4DC6-AE8F-421C77936600}.Release|Any CPU.ActiveCfg = Release|Any CPU
		{94BFCF7C-11AC-4DC6-AE8F-421C77936600}.Release|Any CPU.Build.0 = Release|Any CPU
		{FB1E4F21-D3BF-4843-8DD9-83C0B31FF887}.Debug|Any CPU.ActiveCfg = Debug|Any CPU
		{FB1E4F21-D3BF-4843-8DD9-83C0B31FF887}.Debug|Any CPU.Build.0 = Debug|Any CPU
		{FB1E4F21-D3BF-4843-8DD9-83C0B31FF887}.Release|Any CPU.ActiveCfg = Release|Any CPU
		{FB1E4F21-D3BF-4843-8DD9-83C0B31FF887}.Release|Any CPU.Build.0 = Release|Any CPU
		{6DF5CB52-1354-4E5B-B167-D5B9553E332E}.Debug|Any CPU.ActiveCfg = Debug|Any CPU
		{6DF5CB52-1354-4E5B-B167-D5B9553E332E}.Debug|Any CPU.Build.0 = Debug|Any CPU
		{6DF5CB52-1354-4E5B-B167-D5B9553E332E}.Release|Any CPU.ActiveCfg = Release|Any CPU
		{6DF5CB52-1354-4E5B-B167-D5B9553E332E}.Release|Any CPU.Build.0 = Release|Any CPU
		{EA45CB01-2469-4BA9-B9ED-2E7B41966473}.Debug|Any CPU.ActiveCfg = Debug|Any CPU
		{EA45CB01-2469-4BA9-B9ED-2E7B41966473}.Debug|Any CPU.Build.0 = Debug|Any CPU
		{EA45CB01-2469-4BA9-B9ED-2E7B41966473}.Release|Any CPU.ActiveCfg = Release|Any CPU
		{EA45CB01-2469-4BA9-B9ED-2E7B41966473}.Release|Any CPU.Build.0 = Release|Any CPU
		{E14A7005-9C1D-42BE-BE02-970A190F6CEA}.Debug|Any CPU.ActiveCfg = Debug|Any CPU
		{E14A7005-9C1D-42BE-BE02-970A190F6CEA}.Debug|Any CPU.Build.0 = Debug|Any CPU
		{E14A7005-9C1D-42BE-BE02-970A190F6CEA}.Release|Any CPU.ActiveCfg = Release|Any CPU
		{E14A7005-9C1D-42BE-BE02-970A190F6CEA}.Release|Any CPU.Build.0 = Release|Any CPU
		{E8731C81-040D-4F90-919E-D3D23F5FBEE5}.Debug|Any CPU.ActiveCfg = Debug|Any CPU
		{E8731C81-040D-4F90-919E-D3D23F5FBEE5}.Debug|Any CPU.Build.0 = Debug|Any CPU
		{E8731C81-040D-4F90-919E-D3D23F5FBEE5}.Release|Any CPU.ActiveCfg = Release|Any CPU
		{E8731C81-040D-4F90-919E-D3D23F5FBEE5}.Release|Any CPU.Build.0 = Release|Any CPU
		{DFC32C4B-4BBC-4905-9AE8-D6267C072663}.Debug|Any CPU.ActiveCfg = Debug|Any CPU
		{DFC32C4B-4BBC-4905-9AE8-D6267C072663}.Debug|Any CPU.Build.0 = Debug|Any CPU
		{DFC32C4B-4BBC-4905-9AE8-D6267C072663}.Release|Any CPU.ActiveCfg = Release|Any CPU
		{DFC32C4B-4BBC-4905-9AE8-D6267C072663}.Release|Any CPU.Build.0 = Release|Any CPU
	EndGlobalSection
	GlobalSection(SolutionProperties) = preSolution
		HideSolutionNode = FALSE
	EndGlobalSection
EndGlobal
